
Microsoft Visual Studio Solution File, Format Version 12.00
# Visual Studio 15
VisualStudioVersion = 15.0.28307.1022
MinimumVisualStudioVersion = 10.0.40219.1
Project("{9A19103F-16F7-4668-BE54-9A1E7A4F7556}") = "CSharpClassLib", "CSharpClassLib.csproj", "{6A3AC8BB-FDB3-42E8-A785-9A57246F3B0A}"
EndProject
Global
	GlobalSection(SolutionConfigurationPlatforms) = preSolution
		Debug|Any CPU = Debug|Any CPU
		Release|Any CPU = Release|Any CPU
	EndGlobalSection
	GlobalSection(ProjectConfigurationPlatforms) = postSolution
		{6A3AC8BB-FDB3-42E8-A785-9A57246F3B0A}.Debug|Any CPU.ActiveCfg = Debug|Any CPU
		{6A3AC8BB-FDB3-42E8-A785-9A57246F3B0A}.Debug|Any CPU.Build.0 = Debug|Any CPU
		{6A3AC8BB-FDB3-42E8-A785-9A57246F3B0A}.Release|Any CPU.ActiveCfg = Release|Any CPU
		{6A3AC8BB-FDB3-42E8-A785-9A57246F3B0A}.Release|Any CPU.Build.0 = Release|Any CPU
	EndGlobalSection
	GlobalSection(SolutionProperties) = preSolution
		HideSolutionNode = FALSE
	EndGlobalSection
	GlobalSection(ExtensibilityGlobals) = postSolution
		SolutionGuid = {06CD1919-B84E-4CE7-89F8-9620B75AA86E}
	EndGlobalSection
EndGlobal
